// !$*UTF8*$!
{
	archiveVersion = 1;
	classes = {
	};
	objectVersion = 55;
	objects = {

/* Begin PBXBuildFile section */
		8D4E86612871E1A700E86317 /* AppDelegate.m in Sources */ = {isa = PBXBuildFile; fileRef = 8D4E86602871E1A700E86317 /* AppDelegate.m */; };
		8D4E86642871E1A700E86317 /* SceneDelegate.m in Sources */ = {isa = PBXBuildFile; fileRef = 8D4E86632871E1A700E86317 /* SceneDelegate.m */; };
		8D4E86672871E1A700E86317 /* ViewController.m in Sources */ = {isa = PBXBuildFile; fileRef = 8D4E86662871E1A700E86317 /* ViewController.m */; };
		8D4E866A2871E1A700E86317 /* Main.storyboard in Resources */ = {isa = PBXBuildFile; fileRef = 8D4E86682871E1A700E86317 /* Main.storyboard */; };
		8D4E866C2871E1A800E86317 /* Assets.xcassets in Resources */ = {isa = PBXBuildFile; fileRef = 8D4E866B2871E1A800E86317 /* Assets.xcassets */; };
		8D4E866F2871E1A800E86317 /* LaunchScreen.storyboard in Resources */ = {isa = PBXBuildFile; fileRef = 8D4E866D2871E1A800E86317 /* LaunchScreen.storyboard */; };
		8D4E86722871E1A800E86317 /* main.m in Sources */ = {isa = PBXBuildFile; fileRef = 8D4E86712871E1A800E86317 /* main.m */; };
		8D4E867928726B3400E86317 /* metal-cpp in Resources */ = {isa = PBXBuildFile; fileRef = 8D4E867828726B3400E86317 /* metal-cpp */; };
		8D4E867B28726B3E00E86317 /* metal-cpp-extensions in Resources */ = {isa = PBXBuildFile; fileRef = 8D4E867A28726B3E00E86317 /* metal-cpp-extensions */; };
		8D4E868428726D0C00E86317 /* MetalViewRender.m in Sources */ = {isa = PBXBuildFile; fileRef = 8D4E867F28726D0B00E86317 /* MetalViewRender.m */; };
		8D4E868528726D0C00E86317 /* MetalRenderImpl.cpp in Sources */ = {isa = PBXBuildFile; fileRef = 8D4E868028726D0B00E86317 /* MetalRenderImpl.cpp */; };
		8D4E868628726D0C00E86317 /* MetalRenderFactory.cpp in Sources */ = {isa = PBXBuildFile; fileRef = 8D4E868328726D0C00E86317 /* MetalRenderFactory.cpp */; };
		8D4E868928726E6900E86317 /* Metal.framework in Frameworks */ = {isa = PBXBuildFile; fileRef = 8D4E868828726E6900E86317 /* Metal.framework */; };
		8D4E868B28726E6D00E86317 /* MetalKit.framework in Frameworks */ = {isa = PBXBuildFile; fileRef = 8D4E868A28726E6D00E86317 /* MetalKit.framework */; };
		8D4E868D28726E7300E86317 /* Foundation.framework in Frameworks */ = {isa = PBXBuildFile; fileRef = 8D4E868C28726E7300E86317 /* Foundation.framework */; };
/* End PBXBuildFile section */

/* Begin PBXFileReference section */
		8D4E865C2871E1A700E86317 /* MetalPractice.app */ = {isa = PBXFileReference; explicitFileType = wrapper.application; includeInIndex = 0; path = MetalPractice.app; sourceTree = BUILT_PRODUCTS_DIR; };
		8D4E865F2871E1A700E86317 /* AppDelegate.h */ = {isa = PBXFileReference; lastKnownFileType = sourcecode.c.h; path = AppDelegate.h; sourceTree = "<group>"; };
		8D4E86602871E1A700E86317 /* AppDelegate.m */ = {isa = PBXFileReference; lastKnownFileType = sourcecode.c.objc; path = AppDelegate.m; sourceTree = "<group>"; };
		8D4E86622871E1A700E86317 /* SceneDelegate.h */ = {isa = PBXFileReference; lastKnownFileType = sourcecode.c.h; path = SceneDelegate.h; sourceTree = "<group>"; };
		8D4E86632871E1A700E86317 /* SceneDelegate.m */ = {isa = PBXFileReference; lastKnownFileType = sourcecode.c.objc; path = SceneDelegate.m; sourceTree = "<group>"; };
		8D4E86652871E1A700E86317 /* ViewController.h */ = {isa = PBXFileReference; lastKnownFileType = sourcecode.c.h; path = ViewController.h; sourceTree = "<group>"; };
		8D4E86662871E1A700E86317 /* ViewController.m */ = {isa = PBXFileReference; lastKnownFileType = sourcecode.c.objc; path = ViewController.m; sourceTree = "<group>"; };
		8D4E86692871E1A700E86317 /* Base */ = {isa = PBXFileReference; lastKnownFileType = file.storyboard; name = Base; path = Base.lproj/Main.storyboard; sourceTree = "<group>"; };
		8D4E866B2871E1A800E86317 /* Assets.xcassets */ = {isa = PBXFileReference; lastKnownFileType = folder.assetcatalog; path = Assets.xcassets; sourceTree = "<group>"; };
		8D4E866E2871E1A800E86317 /* Base */ = {isa = PBXFileReference; lastKnownFileType = file.storyboard; name = Base; path = Base.lproj/LaunchScreen.storyboard; sourceTree = "<group>"; };
		8D4E86702871E1A800E86317 /* Info.plist */ = {isa = PBXFileReference; lastKnownFileType = text.plist.xml; path = Info.plist; sourceTree = "<group>"; };
		8D4E86712871E1A800E86317 /* main.m */ = {isa = PBXFileReference; lastKnownFileType = sourcecode.c.objc; path = main.m; sourceTree = "<group>"; };
		8D4E867828726B3400E86317 /* metal-cpp */ = {isa = PBXFileReference; lastKnownFileType = folder; name = "metal-cpp"; path = "thirdparty/metal-cpp"; sourceTree = "<group>"; };
		8D4E867A28726B3E00E86317 /* metal-cpp-extensions */ = {isa = PBXFileReference; lastKnownFileType = folder; name = "metal-cpp-extensions"; path = "thirdparty/metal-cpp-extensions"; sourceTree = "<group>"; };
		8D4E867D28726D0B00E86317 /* MetalRender.h */ = {isa = PBXFileReference; fileEncoding = 4; lastKnownFileType = sourcecode.c.h; path = MetalRender.h; sourceTree = "<group>"; };
		8D4E867E28726D0B00E86317 /* MetalViewRender.h */ = {isa = PBXFileReference; fileEncoding = 4; lastKnownFileType = sourcecode.c.h; path = MetalViewRender.h; sourceTree = "<group>"; };
		8D4E867F28726D0B00E86317 /* MetalViewRender.m */ = {isa = PBXFileReference; explicitFileType = sourcecode.cpp.objcpp; fileEncoding = 4; path = MetalViewRender.m; sourceTree = "<group>"; };
		8D4E868028726D0B00E86317 /* MetalRenderImpl.cpp */ = {isa = PBXFileReference; fileEncoding = 4; lastKnownFileType = sourcecode.cpp.cpp; path = MetalRenderImpl.cpp; sourceTree = "<group>"; };
		8D4E868128726D0C00E86317 /* MetalRenderFactory.h */ = {isa = PBXFileReference; explicitFileType = sourcecode.c.h; fileEncoding = 4; path = MetalRenderFactory.h; sourceTree = "<group>"; };
		8D4E868228726D0C00E86317 /* MetalRenderImpl.h */ = {isa = PBXFileReference; fileEncoding = 4; lastKnownFileType = sourcecode.c.h; path = MetalRenderImpl.h; sourceTree = "<group>"; };
		8D4E868328726D0C00E86317 /* MetalRenderFactory.cpp */ = {isa = PBXFileReference; fileEncoding = 4; lastKnownFileType = sourcecode.cpp.cpp; path = MetalRenderFactory.cpp; sourceTree = "<group>"; };
		8D4E868828726E6900E86317 /* Metal.framework */ = {isa = PBXFileReference; lastKnownFileType = wrapper.framework; name = Metal.framework; path = System/Library/Frameworks/Metal.framework; sourceTree = SDKROOT; };
		8D4E868A28726E6D00E86317 /* MetalKit.framework */ = {isa = PBXFileReference; lastKnownFileType = wrapper.framework; name = MetalKit.framework; path = System/Library/Frameworks/MetalKit.framework; sourceTree = SDKROOT; };
		8D4E868C28726E7300E86317 /* Foundation.framework */ = {isa = PBXFileReference; lastKnownFileType = wrapper.framework; name = Foundation.framework; path = System/Library/Frameworks/Foundation.framework; sourceTree = SDKROOT; };
/* End PBXFileReference section */

/* Begin PBXFrameworksBuildPhase section */
		8D4E86592871E1A700E86317 /* Frameworks */ = {
			isa = PBXFrameworksBuildPhase;
			buildActionMask = 2147483647;
			files = (
				8D4E868D28726E7300E86317 /* Foundation.framework in Frameworks */,
				8D4E868B28726E6D00E86317 /* MetalKit.framework in Frameworks */,
				8D4E868928726E6900E86317 /* Metal.framework in Frameworks */,
			);
			runOnlyForDeploymentPostprocessing = 0;
		};
/* End PBXFrameworksBuildPhase section */

/* Begin PBXGroup section */
		8D4E86532871E1A700E86317 = {
			isa = PBXGroup;
			children = (
				8D4E867828726B3400E86317 /* metal-cpp */,
				8D4E867A28726B3E00E86317 /* metal-cpp-extensions */,
				8D4E867C28726C8E00E86317 /* Metal */,
				8D4E865E2871E1A700E86317 /* MetalPractice */,
				8D4E865D2871E1A700E86317 /* Products */,
				8D4E868728726E6800E86317 /* Frameworks */,
			);
			sourceTree = "<group>";
		};
		8D4E865D2871E1A700E86317 /* Products */ = {
			isa = PBXGroup;
			children = (
				8D4E865C2871E1A700E86317 /* MetalPractice.app */,
			);
			name = Products;
			sourceTree = "<group>";
		};
		8D4E865E2871E1A700E86317 /* MetalPractice */ = {
			isa = PBXGroup;
			children = (
				8D4E865F2871E1A700E86317 /* AppDelegate.h */,
				8D4E86602871E1A700E86317 /* AppDelegate.m */,
				8D4E86622871E1A700E86317 /* SceneDelegate.h */,
				8D4E86632871E1A700E86317 /* SceneDelegate.m */,
				8D4E86652871E1A700E86317 /* ViewController.h */,
				8D4E86662871E1A700E86317 /* ViewController.m */,
				8D4E86682871E1A700E86317 /* Main.storyboard */,
				8D4E866B2871E1A800E86317 /* Assets.xcassets */,
				8D4E866D2871E1A800E86317 /* LaunchScreen.storyboard */,
				8D4E86702871E1A800E86317 /* Info.plist */,
				8D4E86712871E1A800E86317 /* main.m */,
			);
			path = MetalPractice;
			sourceTree = "<group>";
		};
		8D4E867C28726C8E00E86317 /* Metal */ = {
			isa = PBXGroup;
			children = (
				8D4E867D28726D0B00E86317 /* MetalRender.h */,
				8D4E868128726D0C00E86317 /* MetalRenderFactory.h */,
				8D4E868328726D0C00E86317 /* MetalRenderFactory.cpp */,
				8D4E868228726D0C00E86317 /* MetalRenderImpl.h */,
				8D4E868028726D0B00E86317 /* MetalRenderImpl.cpp */,
				8D4E867E28726D0B00E86317 /* MetalViewRender.h */,
				8D4E867F28726D0B00E86317 /* MetalViewRender.m */,
			);
			path = Metal;
			sourceTree = "<group>";
		};
		8D4E868728726E6800E86317 /* Frameworks */ = {
			isa = PBXGroup;
			children = (
				8D4E868C28726E7300E86317 /* Foundation.framework */,
				8D4E868A28726E6D00E86317 /* MetalKit.framework */,
				8D4E868828726E6900E86317 /* Metal.framework */,
			);
			name = Frameworks;
			sourceTree = "<group>";
		};
/* End PBXGroup section */

/* Begin PBXNativeTarget section */
		8D4E865B2871E1A700E86317 /* MetalPractice */ = {
			isa = PBXNativeTarget;
			buildConfigurationList = 8D4E86752871E1A800E86317 /* Build configuration list for PBXNativeTarget "MetalPractice" */;
			buildPhases = (
				8D4E86582871E1A700E86317 /* Sources */,
				8D4E86592871E1A700E86317 /* Frameworks */,
				8D4E865A2871E1A700E86317 /* Resources */,
			);
			buildRules = (
			);
			dependencies = (
			);
			name = MetalPractice;
			productName = MetalPractice;
			productReference = 8D4E865C2871E1A700E86317 /* MetalPractice.app */;
			productType = "com.apple.product-type.application";
		};
/* End PBXNativeTarget section */

/* Begin PBXProject section */
		8D4E86542871E1A700E86317 /* Project object */ = {
			isa = PBXProject;
			attributes = {
				BuildIndependentTargetsInParallel = 1;
				LastUpgradeCheck = 1330;
				TargetAttributes = {
					8D4E865B2871E1A700E86317 = {
						CreatedOnToolsVersion = 13.3;
					};
				};
			};
			buildConfigurationList = 8D4E86572871E1A700E86317 /* Build configuration list for PBXProject "MetalPractice" */;
			compatibilityVersion = "Xcode 13.0";
			developmentRegion = en;
			hasScannedForEncodings = 0;
			knownRegions = (
				en,
				Base,
			);
			mainGroup = 8D4E86532871E1A700E86317;
			productRefGroup = 8D4E865D2871E1A700E86317 /* Products */;
			projectDirPath = "";
			projectRoot = "";
			targets = (
				8D4E865B2871E1A700E86317 /* MetalPractice */,
			);
		};
/* End PBXProject section */

/* Begin PBXResourcesBuildPhase section */
		8D4E865A2871E1A700E86317 /* Resources */ = {
			isa = PBXResourcesBuildPhase;
			buildActionMask = 2147483647;
			files = (
				8D4E867928726B3400E86317 /* metal-cpp in Resources */,
				8D4E866F2871E1A800E86317 /* LaunchScreen.storyboard in Resources */,
				8D4E866C2871E1A800E86317 /* Assets.xcassets in Resources */,
				8D4E866A2871E1A700E86317 /* Main.storyboard in Resources */,
				8D4E867B28726B3E00E86317 /* metal-cpp-extensions in Resources */,
			);
			runOnlyForDeploymentPostprocessing = 0;
		};
/* End PBXResourcesBuildPhase section */

/* Begin PBXSourcesBuildPhase section */
		8D4E86582871E1A700E86317 /* Sources */ = {
			isa = PBXSourcesBuildPhase;
			buildActionMask = 2147483647;
			files = (
				8D4E86672871E1A700E86317 /* ViewController.m in Sources */,
				8D4E868528726D0C00E86317 /* MetalRenderImpl.cpp in Sources */,
				8D4E86612871E1A700E86317 /* AppDelegate.m in Sources */,
				8D4E868628726D0C00E86317 /* MetalRenderFactory.cpp in Sources */,
				8D4E86722871E1A800E86317 /* main.m in Sources */,
				8D4E86642871E1A700E86317 /* SceneDelegate.m in Sources */,
				8D4E868428726D0C00E86317 /* MetalViewRender.m in Sources */,
			);
			runOnlyForDeploymentPostprocessing = 0;
		};
/* End PBXSourcesBuildPhase section */

/* Begin PBXVariantGroup section */
		8D4E86682871E1A700E86317 /* Main.storyboard */ = {
			isa = PBXVariantGroup;
			children = (
				8D4E86692871E1A700E86317 /* Base */,
			);
			name = Main.storyboard;
			sourceTree = "<group>";
		};
		8D4E866D2871E1A800E86317 /* LaunchScreen.storyboard */ = {
			isa = PBXVariantGroup;
			children = (
				8D4E866E2871E1A800E86317 /* Base */,
			);
			name = LaunchScreen.storyboard;
			sourceTree = "<group>";
		};
/* End PBXVariantGroup section */

/* Begin XCBuildConfiguration section */
		8D4E86732871E1A800E86317 /* Debug */ = {
			isa = XCBuildConfiguration;
			buildSettings = {
				ALWAYS_SEARCH_USER_PATHS = NO;
				CLANG_ANALYZER_NONNULL = YES;
				CLANG_ANALYZER_NUMBER_OBJECT_CONVERSION = YES_AGGRESSIVE;
				CLANG_CXX_LANGUAGE_STANDARD = "gnu++17";
				CLANG_ENABLE_MODULES = YES;
				CLANG_ENABLE_OBJC_ARC = YES;
				CLANG_ENABLE_OBJC_WEAK = YES;
				CLANG_WARN_BLOCK_CAPTURE_AUTORELEASING = YES;
				CLANG_WARN_BOOL_CONVERSION = YES;
				CLANG_WARN_COMMA = YES;
				CLANG_WARN_CONSTANT_CONVERSION = YES;
				CLANG_WARN_DEPRECATED_OBJC_IMPLEMENTATIONS = YES;
				CLANG_WARN_DIRECT_OBJC_ISA_USAGE = YES_ERROR;
				CLANG_WARN_DOCUMENTATION_COMMENTS = YES;
				CLANG_WARN_EMPTY_BODY = YES;
				CLANG_WARN_ENUM_CONVERSION = YES;
				CLANG_WARN_INFINITE_RECURSION = YES;
				CLANG_WARN_INT_CONVERSION = YES;
				CLANG_WARN_NON_LITERAL_NULL_CONVERSION = YES;
				CLANG_WARN_OBJC_IMPLICIT_RETAIN_SELF = YES;
				CLANG_WARN_OBJC_LITERAL_CONVERSION = YES;
				CLANG_WARN_OBJC_ROOT_CLASS = YES_ERROR;
				CLANG_WARN_QUOTED_INCLUDE_IN_FRAMEWORK_HEADER = YES;
				CLANG_WARN_RANGE_LOOP_ANALYSIS = YES;
				CLANG_WARN_STRICT_PROTOTYPES = YES;
				CLANG_WARN_SUSPICIOUS_MOVE = YES;
				CLANG_WARN_UNGUARDED_AVAILABILITY = YES_AGGRESSIVE;
				CLANG_WARN_UNREACHABLE_CODE = YES;
				CLANG_WARN__DUPLICATE_METHOD_MATCH = YES;
				COPY_PHASE_STRIP = NO;
				DEBUG_INFORMATION_FORMAT = dwarf;
				ENABLE_STRICT_OBJC_MSGSEND = YES;
				ENABLE_TESTABILITY = YES;
				GCC_C_LANGUAGE_STANDARD = gnu11;
				GCC_DYNAMIC_NO_PIC = NO;
				GCC_NO_COMMON_BLOCKS = YES;
				GCC_OPTIMIZATION_LEVEL = 0;
				GCC_PREPROCESSOR_DEFINITIONS = (
					"DEBUG=1",
					"$(inherited)",
				);
				GCC_WARN_64_TO_32_BIT_CONVERSION = YES;
				GCC_WARN_ABOUT_RETURN_TYPE = YES_ERROR;
				GCC_WARN_UNDECLARED_SELECTOR = YES;
				GCC_WARN_UNINITIALIZED_AUTOS = YES_AGGRESSIVE;
				GCC_WARN_UNUSED_FUNCTION = YES;
				GCC_WARN_UNUSED_VARIABLE = YES;
				IPHONEOS_DEPLOYMENT_TARGET = 15.4;
				MTL_ENABLE_DEBUG_INFO = INCLUDE_SOURCE;
				MTL_FAST_MATH = YES;
				ONLY_ACTIVE_ARCH = YES;
				SDKROOT = iphoneos;
			};
			name = Debug;
		};
		8D4E86742871E1A800E86317 /* Release */ = {
			isa = XCBuildConfiguration;
			buildSettings = {
				ALWAYS_SEARCH_USER_PATHS = NO;
				CLANG_ANALYZER_NONNULL = YES;
				CLANG_ANALYZER_NUMBER_OBJECT_CONVERSION = YES_AGGRESSIVE;
				CLANG_CXX_LANGUAGE_STANDARD = "gnu++17";
				CLANG_ENABLE_MODULES = YES;
				CLANG_ENABLE_OBJC_ARC = YES;
				CLANG_ENABLE_OBJC_WEAK = YES;
				CLANG_WARN_BLOCK_CAPTURE_AUTORELEASING = YES;
				CLANG_WARN_BOOL_CONVERSION = YES;
				CLANG_WARN_COMMA = YES;
				CLANG_WARN_CONSTANT_CONVERSION = YES;
				CLANG_WARN_DEPRECATED_OBJC_IMPLEMENTATIONS = YES;
				CLANG_WARN_DIRECT_OBJC_ISA_USAGE = YES_ERROR;
				CLANG_WARN_DOCUMENTATION_COMMENTS = YES;
				CLANG_WARN_EMPTY_BODY = YES;
				CLANG_WARN_ENUM_CONVERSION = YES;
				CLANG_WARN_INFINITE_RECURSION = YES;
				CLANG_WARN_INT_CONVERSION = YES;
				CLANG_WARN_NON_LITERAL_NULL_CONVERSION = YES;
				CLANG_WARN_OBJC_IMPLICIT_RETAIN_SELF = YES;
				CLANG_WARN_OBJC_LITERAL_CONVERSION = YES;
				CLANG_WARN_OBJC_ROOT_CLASS = YES_ERROR;
				CLANG_WARN_QUOTED_INCLUDE_IN_FRAMEWORK_HEADER = YES;
				CLANG_WARN_RANGE_LOOP_ANALYSIS = YES;
				CLANG_WARN_STRICT_PROTOTYPES = YES;
				CLANG_WARN_SUSPICIOUS_MOVE = YES;
				CLANG_WARN_UNGUARDED_AVAILABILITY = YES_AGGRESSIVE;
				CLANG_WARN_UNREACHABLE_CODE = YES;
				CLANG_WARN__DUPLICATE_METHOD_MATCH = YES;
				COPY_PHASE_STRIP = NO;
				DEBUG_INFORMATION_FORMAT = "dwarf-with-dsym";
				ENABLE_NS_ASSERTIONS = NO;
				ENABLE_STRICT_OBJC_MSGSEND = YES;
				GCC_C_LANGUAGE_STANDARD = gnu11;
				GCC_NO_COMMON_BLOCKS = YES;
				GCC_WARN_64_TO_32_BIT_CONVERSION = YES;
				GCC_WARN_ABOUT_RETURN_TYPE = YES_ERROR;
				GCC_WARN_UNDECLARED_SELECTOR = YES;
				GCC_WARN_UNINITIALIZED_AUTOS = YES_AGGRESSIVE;
				GCC_WARN_UNUSED_FUNCTION = YES;
				GCC_WARN_UNUSED_VARIABLE = YES;
				IPHONEOS_DEPLOYMENT_TARGET = 15.4;
				MTL_ENABLE_DEBUG_INFO = NO;
				MTL_FAST_MATH = YES;
				SDKROOT = iphoneos;
				VALIDATE_PRODUCT = YES;
			};
			name = Release;
		};
		8D4E86762871E1A800E86317 /* Debug */ = {
			isa = XCBuildConfiguration;
			buildSettings = {
				ASSETCATALOG_COMPILER_APPICON_NAME = AppIcon;
				ASSETCATALOG_COMPILER_GLOBAL_ACCENT_COLOR_NAME = AccentColor;
				CODE_SIGN_STYLE = Automatic;
				CURRENT_PROJECT_VERSION = 1;
				DEVELOPMENT_TEAM = J4GW8AJ3LW;
				GENERATE_INFOPLIST_FILE = YES;
				HEADER_SEARCH_PATHS = (
					"thirdparty/metal-cpp",
					"thirdparty/metal-cpp-extensions",
				);
				INFOPLIST_FILE = MetalPractice/Info.plist;
				INFOPLIST_KEY_UIApplicationSupportsIndirectInputEvents = YES;
				INFOPLIST_KEY_UILaunchStoryboardName = LaunchScreen;
				INFOPLIST_KEY_UIMainStoryboardFile = Main;
				INFOPLIST_KEY_UISupportedInterfaceOrientations_iPad = "UIInterfaceOrientationPortrait UIInterfaceOrientationPortraitUpsideDown UIInterfaceOrientationLandscapeLeft UIInterfaceOrientationLandscapeRight";
				INFOPLIST_KEY_UISupportedInterfaceOrientations_iPhone = "UIInterfaceOrientationPortrait UIInterfaceOrientationLandscapeLeft UIInterfaceOrientationLandscapeRight";
				LD_RUNPATH_SEARCH_PATHS = (
					"$(inherited)",
					"@executable_path/Frameworks",
				);
				MARKETING_VERSION = 1.0;
				PRODUCT_BUNDLE_IDENTIFIER = com.goodname.MetalPractice;
				PRODUCT_NAME = "$(TARGET_NAME)";
				SWIFT_EMIT_LOC_STRINGS = YES;
				TARGETED_DEVICE_FAMILY = "1,2";
			};
			name = Debug;
		};
		8D4E86772871E1A800E86317 /* Release */ = {
			isa = XCBuildConfiguration;
			buildSettings = {
				ASSETCATALOG_COMPILER_APPICON_NAME = AppIcon;
				ASSETCATALOG_COMPILER_GLOBAL_ACCENT_COLOR_NAME = AccentColor;
				CODE_SIGN_STYLE = Automatic;
				CURRENT_PROJECT_VERSION = 1;
				DEVELOPMENT_TEAM = J4GW8AJ3LW;
				GENERATE_INFOPLIST_FILE = YES;
				HEADER_SEARCH_PATHS = (
					"thirdparty/metal-cpp",
					"thirdparty/metal-cpp-extensions",
				);
				INFOPLIST_FILE = MetalPractice/Info.plist;
				INFOPLIST_KEY_UIApplicationSupportsIndirectInputEvents = YES;
				INFOPLIST_KEY_UILaunchStoryboardName = LaunchScreen;
				INFOPLIST_KEY_UIMainStoryboardFile = Main;
				INFOPLIST_KEY_UISupportedInterfaceOrientations_iPad = "UIInterfaceOrientationPortrait UIInterfaceOrientationPortraitUpsideDown UIInterfaceOrientationLandscapeLeft UIInterfaceOrientationLandscapeRight";
				INFOPLIST_KEY_UISupportedInterfaceOrientations_iPhone = "UIInterfaceOrientationPortrait UIInterfaceOrientationLandscapeLeft UIInterfaceOrientationLandscapeRight";
				LD_RUNPATH_SEARCH_PATHS = (
					"$(inherited)",
					"@executable_path/Frameworks",
				);
				MARKETING_VERSION = 1.0;
				PRODUCT_BUNDLE_IDENTIFIER = com.goodname.MetalPractice;
				PRODUCT_NAME = "$(TARGET_NAME)";
				SWIFT_EMIT_LOC_STRINGS = YES;
				TARGETED_DEVICE_FAMILY = "1,2";
			};
			name = Release;
		};
/* End XCBuildConfiguration section */

/* Begin XCConfigurationList section */
		8D4E86572871E1A700E86317 /* Build configuration list for PBXProject "MetalPractice" */ = {
			isa = XCConfigurationList;
			buildConfigurations = (
				8D4E86732871E1A800E86317 /* Debug */,
				8D4E86742871E1A800E86317 /* Release */,
			);
			defaultConfigurationIsVisible = 0;
			defaultConfigurationName = Release;
		};
		8D4E86752871E1A800E86317 /* Build configuration list for PBXNativeTarget "MetalPractice" */ = {
			isa = XCConfigurationList;
			buildConfigurations = (
				8D4E86762871E1A800E86317 /* Debug */,
				8D4E86772871E1A800E86317 /* Release */,
			);
			defaultConfigurationIsVisible = 0;
			defaultConfigurationName = Release;
		};
/* End XCConfigurationList section */
	};
	rootObject = 8D4E86542871E1A700E86317 /* Project object */;
}
